
Microsoft Visual Studio Solution File, Format Version 12.00
# Visual Studio 15
VisualStudioVersion = 15.0.28307.168
MinimumVisualStudioVersion = 10.0.40219.1
Project("{FAE04EC0-301F-11D3-BF4B-00C04F79EFBC}") = "HardwareSimulator", "HardwareSimulator\HardwareSimulator.csproj", "{DD3CB446-1BBA-4BD1-A464-5445E3655F0C}"
EndProject
Global
	GlobalSection(SolutionConfigurationPlatforms) = preSolution
		Debug|Any CPU = Debug|Any CPU
		Release|Any CPU = Release|Any CPU
	EndGlobalSection
	GlobalSection(ProjectConfigurationPlatforms) = postSolution
		{DD3CB446-1BBA-4BD1-A464-5445E3655F0C}.Debug|Any CPU.ActiveCfg = Debug|Any CPU
		{DD3CB446-1BBA-4BD1-A464-5445E3655F0C}.Debug|Any CPU.Build.0 = Debug|Any CPU
		{DD3CB446-1BBA-4BD1-A464-5445E3655F0C}.Release|Any CPU.ActiveCfg = Release|Any CPU
		{DD3CB446-1BBA-4BD1-A464-5445E3655F0C}.Release|Any CPU.Build.0 = Release|Any CPU
	EndGlobalSection
	GlobalSection(SolutionProperties) = preSolution
		HideSolutionNode = FALSE
	EndGlobalSection
	GlobalSection(ExtensibilityGlobals) = postSolution
		SolutionGuid = {C35BCC8F-04A6-41A6-AA24-499689C2A0EE}
	EndGlobalSection
EndGlobal
