
Microsoft Visual Studio Solution File, Format Version 12.00
# Visual Studio 15
VisualStudioVersion = 15.0.28307.168
MinimumVisualStudioVersion = 10.0.40219.1
Project("{FAE04EC0-301F-11D3-BF4B-00C04F79EFBC}") = "HardwareSimulator", "HardwareSimulator\HardwareSimulator.csproj", "{DD3CB446-1BBA-4BD1-A464-5445E3655F0C}"
EndProject
Project("{2150E333-8FDC-42A3-9474-1A3956D46DE8}") = "Components", "Components", "{9157F2CF-9079-4F96-9B32-08166C1B7BBA}"
EndProject
Project("{9A19103F-16F7-4668-BE54-9A1E7A4F7556}") = "BasicComponent", "Components\BasicComponent.csproj", "{CA29459C-F934-411B-BE26-E50E6A6EE920}"
EndProject
Project("{9A19103F-16F7-4668-BE54-9A1E7A4F7556}") = "HardwareSimulator.Core", "HardwareSimulator.Core\HardwareSimulator.Core.csproj", "{907EE2EB-A1D4-4D31-92D8-9423A96C7E10}"
EndProject
Project("{9A19103F-16F7-4668-BE54-9A1E7A4F7556}") = "HardwareSimulator.Test", "HardwareSimulator.Test\HardwareSimulator.Test.csproj", "{BA0585DD-8006-4D6A-B1EE-D696BF10113F}"
EndProject
Global
	GlobalSection(SolutionConfigurationPlatforms) = preSolution
		Debug|Any CPU = Debug|Any CPU
		Release|Any CPU = Release|Any CPU
	EndGlobalSection
	GlobalSection(ProjectConfigurationPlatforms) = postSolution
		{DD3CB446-1BBA-4BD1-A464-5445E3655F0C}.Debug|Any CPU.ActiveCfg = Debug|Any CPU
		{DD3CB446-1BBA-4BD1-A464-5445E3655F0C}.Debug|Any CPU.Build.0 = Debug|Any CPU
		{DD3CB446-1BBA-4BD1-A464-5445E3655F0C}.Release|Any CPU.ActiveCfg = Release|Any CPU
		{DD3CB446-1BBA-4BD1-A464-5445E3655F0C}.Release|Any CPU.Build.0 = Release|Any CPU
		{CA29459C-F934-411B-BE26-E50E6A6EE920}.Debug|Any CPU.ActiveCfg = Debug|Any CPU
		{CA29459C-F934-411B-BE26-E50E6A6EE920}.Debug|Any CPU.Build.0 = Debug|Any CPU
		{CA29459C-F934-411B-BE26-E50E6A6EE920}.Release|Any CPU.ActiveCfg = Release|Any CPU
		{CA29459C-F934-411B-BE26-E50E6A6EE920}.Release|Any CPU.Build.0 = Release|Any CPU
		{907EE2EB-A1D4-4D31-92D8-9423A96C7E10}.Debug|Any CPU.ActiveCfg = Debug|Any CPU
		{907EE2EB-A1D4-4D31-92D8-9423A96C7E10}.Debug|Any CPU.Build.0 = Debug|Any CPU
		{907EE2EB-A1D4-4D31-92D8-9423A96C7E10}.Release|Any CPU.ActiveCfg = Release|Any CPU
		{907EE2EB-A1D4-4D31-92D8-9423A96C7E10}.Release|Any CPU.Build.0 = Release|Any CPU
		{BA0585DD-8006-4D6A-B1EE-D696BF10113F}.Debug|Any CPU.ActiveCfg = Debug|Any CPU
		{BA0585DD-8006-4D6A-B1EE-D696BF10113F}.Debug|Any CPU.Build.0 = Debug|Any CPU
		{BA0585DD-8006-4D6A-B1EE-D696BF10113F}.Release|Any CPU.ActiveCfg = Release|Any CPU
		{BA0585DD-8006-4D6A-B1EE-D696BF10113F}.Release|Any CPU.Build.0 = Release|Any CPU
	EndGlobalSection
	GlobalSection(SolutionProperties) = preSolution
		HideSolutionNode = FALSE
	EndGlobalSection
	GlobalSection(NestedProjects) = preSolution
		{CA29459C-F934-411B-BE26-E50E6A6EE920} = {9157F2CF-9079-4F96-9B32-08166C1B7BBA}
	EndGlobalSection
	GlobalSection(ExtensibilityGlobals) = postSolution
		SolutionGuid = {C35BCC8F-04A6-41A6-AA24-499689C2A0EE}
	EndGlobalSection
EndGlobal
